
Microsoft Visual Studio Solution File, Format Version 12.00
# Visual Studio Version 17
VisualStudioVersion = 17.11.35312.102
MinimumVisualStudioVersion = 10.0.40219.1
Project("{E24C65DC-7377-472B-9ABA-BC803B73C61A}") = "MTweb", "MTweb\", "{2872BF11-8F12-483C-BD8C-155DF11B71ED}"
	ProjectSection(WebsiteProperties) = preProject
		TargetFrameworkMoniker = ".NETFramework,Version%3Dv4.7.2"
		Debug.AspNetCompiler.VirtualPath = "/localhost_53496"
		Debug.AspNetCompiler.PhysicalPath = "MTweb\"
		Debug.AspNetCompiler.TargetPath = "PrecompiledWeb\localhost_53496\"
		Debug.AspNetCompiler.Updateable = "true"
		Debug.AspNetCompiler.ForceOverwrite = "true"
		Debug.AspNetCompiler.FixedNames = "false"
		Debug.AspNetCompiler.Debug = "True"
		Release.AspNetCompiler.VirtualPath = "/localhost_53496"
		Release.AspNetCompiler.PhysicalPath = "MTweb\"
		Release.AspNetCompiler.TargetPath = "PrecompiledWeb\localhost_53496\"
		Release.AspNetCompiler.Updateable = "true"
		Release.AspNetCompiler.ForceOverwrite = "true"
		Release.AspNetCompiler.FixedNames = "false"
		Release.AspNetCompiler.Debug = "False"
		VWDPort = "53496"
		SlnRelativePath = "MTweb\"
		DefaultWebSiteLanguage = "Visual C#"
	EndProjectSection
EndProject
Global
	GlobalSection(SolutionConfigurationPlatforms) = preSolution
		Debug|Any CPU = Debug|Any CPU
	EndGlobalSection
	GlobalSection(ProjectConfigurationPlatforms) = postSolution
		{2872BF11-8F12-483C-BD8C-155DF11B71ED}.Debug|Any CPU.ActiveCfg = Debug|Any CPU
		{2872BF11-8F12-483C-BD8C-155DF11B71ED}.Debug|Any CPU.Build.0 = Debug|Any CPU
	EndGlobalSection
	GlobalSection(SolutionProperties) = preSolution
		HideSolutionNode = FALSE
	EndGlobalSection
	GlobalSection(ExtensibilityGlobals) = postSolution
		SolutionGuid = {77942C1A-AA5F-473F-89C4-3AFBB4C2E56D}
	EndGlobalSection
EndGlobal
